
Microsoft Visual Studio Solution File, Format Version 12.00
# Visual Studio 15
VisualStudioVersion = 15.0.27130.2020
MinimumVisualStudioVersion = 10.0.40219.1
Project("{8BC9CEB8-8B4A-11D0-8D11-00A0C91BC942}") = "LineProbe", "LineProbe.vcxproj", "{C5215FFD-6866-471E-A9E4-7C68CC7D1486}"
EndProject
Global
	GlobalSection(SolutionConfigurationPlatforms) = preSolution
		Debug|x64 = Debug|x64
		Debug|x86 = Debug|x86
		Release|x64 = Release|x64
		Release|x86 = Release|x86
	EndGlobalSection
	GlobalSection(ProjectConfigurationPlatforms) = postSolution
		{C5215FFD-6866-471E-A9E4-7C68CC7D1486}.Debug|x64.ActiveCfg = Debug|x64
		{C5215FFD-6866-471E-A9E4-7C68CC7D1486}.Debug|x64.Build.0 = Debug|x64
		{C5215FFD-6866-471E-A9E4-7C68CC7D1486}.Debug|x86.ActiveCfg = Debug|Win32
		{C5215FFD-6866-471E-A9E4-7C68CC7D1486}.Debug|x86.Build.0 = Debug|Win32
		{C5215FFD-6866-471E-A9E4-7C68CC7D1486}.Release|x64.ActiveCfg = Release|x64
		{C5215FFD-6866-471E-A9E4-7C68CC7D1486}.Release|x64.Build.0 = Release|x64
		{C5215FFD-6866-471E-A9E4-7C68CC7D1486}.Release|x86.ActiveCfg = Release|Win32
		{C5215FFD-6866-471E-A9E4-7C68CC7D1486}.Release|x86.Build.0 = Release|Win32
	EndGlobalSection
	GlobalSection(SolutionProperties) = preSolution
		HideSolutionNode = FALSE
	EndGlobalSection
	GlobalSection(ExtensibilityGlobals) = postSolution
		SolutionGuid = {E7345FD0-A212-4E01-BE73-B831AE38989C}
	EndGlobalSection
EndGlobal
